
Microsoft Visual Studio Solution File, Format Version 12.00
# Visual Studio Version 17
VisualStudioVersion = 17.8.34511.84
MinimumVisualStudioVersion = 10.0.40219.1
Project("{FAE04EC0-301F-11D3-BF4B-00C04F79EFBC}") = "1 day", "1 day.csproj", "{765E422E-9DC7-4C4D-87DF-D014B19F0AA0}"
EndProject
Global
	GlobalSection(SolutionConfigurationPlatforms) = preSolution
		Debug|Any CPU = Debug|Any CPU
		Release|Any CPU = Release|Any CPU
	EndGlobalSection
	GlobalSection(ProjectConfigurationPlatforms) = postSolution
		{765E422E-9DC7-4C4D-87DF-D014B19F0AA0}.Debug|Any CPU.ActiveCfg = Debug|Any CPU
		{765E422E-9DC7-4C4D-87DF-D014B19F0AA0}.Debug|Any CPU.Build.0 = Debug|Any CPU
		{765E422E-9DC7-4C4D-87DF-D014B19F0AA0}.Release|Any CPU.ActiveCfg = Release|Any CPU
		{765E422E-9DC7-4C4D-87DF-D014B19F0AA0}.Release|Any CPU.Build.0 = Release|Any CPU
	EndGlobalSection
	GlobalSection(SolutionProperties) = preSolution
		HideSolutionNode = FALSE
	EndGlobalSection
	GlobalSection(ExtensibilityGlobals) = postSolution
		SolutionGuid = {AAAE1E05-1B65-472D-AB34-3AFE69A04531}
	EndGlobalSection
EndGlobal
